
Microsoft Visual Studio Solution File, Format Version 12.00
# Visual Studio Version 17
VisualStudioVersion = 17.5.33530.505
MinimumVisualStudioVersion = 10.0.40219.1
Project("{FAE04EC0-301F-11D3-BF4B-00C04F79EFBC}") = "ExamenServiceWCF-client2", "ExamenServiceWCF-client2.csproj", "{9863F84A-7781-44C3-A42E-06CBEBC05686}"
EndProject
Global
	GlobalSection(SolutionConfigurationPlatforms) = preSolution
		Debug|Any CPU = Debug|Any CPU
		Release|Any CPU = Release|Any CPU
	EndGlobalSection
	GlobalSection(ProjectConfigurationPlatforms) = postSolution
		{9863F84A-7781-44C3-A42E-06CBEBC05686}.Debug|Any CPU.ActiveCfg = Debug|Any CPU
		{9863F84A-7781-44C3-A42E-06CBEBC05686}.Debug|Any CPU.Build.0 = Debug|Any CPU
		{9863F84A-7781-44C3-A42E-06CBEBC05686}.Release|Any CPU.ActiveCfg = Release|Any CPU
		{9863F84A-7781-44C3-A42E-06CBEBC05686}.Release|Any CPU.Build.0 = Release|Any CPU
	EndGlobalSection
	GlobalSection(SolutionProperties) = preSolution
		HideSolutionNode = FALSE
	EndGlobalSection
	GlobalSection(ExtensibilityGlobals) = postSolution
		SolutionGuid = {81B10251-29F3-4C7C-9054-FB976F418B67}
	EndGlobalSection
EndGlobal
